
Microsoft Visual Studio Solution File, Format Version 12.00
# Visual Studio Version 17
VisualStudioVersion = 17.2.32616.157
MinimumVisualStudioVersion = 10.0.40219.1
Project("{9A19103F-16F7-4668-BE54-9A1E7A4F7556}") = "BPM.API", "BPM.API\BPM.API.csproj", "{5D60F033-4375-4BB5-B885-A9F741EAE8BF}"
EndProject
Project("{FAE04EC0-301F-11D3-BF4B-00C04F79EFBC}") = "BPM.BLL", "BPM.BLL\BPM.BLL.csproj", "{7446170C-A5DB-443E-9D99-5D593336151C}"
EndProject
Project("{FAE04EC0-301F-11D3-BF4B-00C04F79EFBC}") = "BPM.DAL", "BPM.DAL\BPM.DAL.csproj", "{A14FCEAD-0C1D-4021-B7A9-E4B112A1B0FA}"
EndProject
Project("{2150E333-8FDC-42A3-9474-1A3956D46DE8}") = "Tests", "Tests", "{C315EB55-D3CC-46EB-A233-A3A08F57AC26}"
EndProject
Global
	GlobalSection(SolutionConfigurationPlatforms) = preSolution
		Debug|Any CPU = Debug|Any CPU
		Release|Any CPU = Release|Any CPU
	EndGlobalSection
	GlobalSection(ProjectConfigurationPlatforms) = postSolution
		{5D60F033-4375-4BB5-B885-A9F741EAE8BF}.Debug|Any CPU.ActiveCfg = Debug|Any CPU
		{5D60F033-4375-4BB5-B885-A9F741EAE8BF}.Debug|Any CPU.Build.0 = Debug|Any CPU
		{5D60F033-4375-4BB5-B885-A9F741EAE8BF}.Release|Any CPU.ActiveCfg = Release|Any CPU
		{5D60F033-4375-4BB5-B885-A9F741EAE8BF}.Release|Any CPU.Build.0 = Release|Any CPU
		{7446170C-A5DB-443E-9D99-5D593336151C}.Debug|Any CPU.ActiveCfg = Debug|Any CPU
		{7446170C-A5DB-443E-9D99-5D593336151C}.Debug|Any CPU.Build.0 = Debug|Any CPU
		{7446170C-A5DB-443E-9D99-5D593336151C}.Release|Any CPU.ActiveCfg = Release|Any CPU
		{7446170C-A5DB-443E-9D99-5D593336151C}.Release|Any CPU.Build.0 = Release|Any CPU
		{A14FCEAD-0C1D-4021-B7A9-E4B112A1B0FA}.Debug|Any CPU.ActiveCfg = Debug|Any CPU
		{A14FCEAD-0C1D-4021-B7A9-E4B112A1B0FA}.Debug|Any CPU.Build.0 = Debug|Any CPU
		{A14FCEAD-0C1D-4021-B7A9-E4B112A1B0FA}.Release|Any CPU.ActiveCfg = Release|Any CPU
		{A14FCEAD-0C1D-4021-B7A9-E4B112A1B0FA}.Release|Any CPU.Build.0 = Release|Any CPU
	EndGlobalSection
	GlobalSection(SolutionProperties) = preSolution
		HideSolutionNode = FALSE
	EndGlobalSection
	GlobalSection(ExtensibilityGlobals) = postSolution
		SolutionGuid = {A39017C9-5C2C-4236-BD38-2B91BA6C539D}
	EndGlobalSection
EndGlobal
